// !$*UTF8*$!
{
	archiveVersion = 1;
	classes = {
	};
	objectVersion = 60;
	objects = {

/* Begin PBXBuildFile section */
		AA0000000000000000000101 /* SynApp.swift in Sources */ = {isa = PBXBuildFile; fileRef = AA0000000000000000000001 /* SynApp.swift */; };
		AA0000000000000000000102 /* AppDelegate.swift in Sources */ = {isa = PBXBuildFile; fileRef = AA0000000000000000000002 /* AppDelegate.swift */; };
		AA0000000000000000000103 /* CaptureMode.swift in Sources */ = {isa = PBXBuildFile; fileRef = AA0000000000000000000003 /* CaptureMode.swift */; };
		AA0000000000000000000104 /* PacketModels.swift in Sources */ = {isa = PBXBuildFile; fileRef = AA0000000000000000000004 /* PacketModels.swift */; };
		AA0000000000000000000105 /* AppState.swift in Sources */ = {isa = PBXBuildFile; fileRef = AA0000000000000000000005 /* AppState.swift */; };
		AA0000000000000000000106 /* GlobalHotkeyService.swift in Sources */ = {isa = PBXBuildFile; fileRef = AA0000000000000000000006 /* GlobalHotkeyService.swift */; };
		AA0000000000000000000107 /* PacketLayout.swift in Sources */ = {isa = PBXBuildFile; fileRef = AA0000000000000000000007 /* PacketLayout.swift */; };
		AA0000000000000000000108 /* MenuBarView.swift in Sources */ = {isa = PBXBuildFile; fileRef = AA0000000000000000000008 /* MenuBarView.swift */; };
		AA0000000000000000000109 /* ContentView.swift in Sources */ = {isa = PBXBuildFile; fileRef = AA0000000000000000000009 /* ContentView.swift */; };
		AA0000000000000000000110 /* CapturePickerView.swift in Sources */ = {isa = PBXBuildFile; fileRef = AA0000000000000000000010 /* CapturePickerView.swift */; };
		AA0000000000000000000111 /* PermissionsChecklistView.swift in Sources */ = {isa = PBXBuildFile; fileRef = AA0000000000000000000011 /* PermissionsChecklistView.swift */; };
		AA0000000000000000000112 /* SettingsView.swift in Sources */ = {isa = PBXBuildFile; fileRef = AA0000000000000000000012 /* SettingsView.swift */; };
		AA0000000000000000000113 /* DurationFormatter.swift in Sources */ = {isa = PBXBuildFile; fileRef = AA0000000000000000000013 /* DurationFormatter.swift */; };
		AA0000000000000000000151 /* DesignSystem.swift in Sources */ = {isa = PBXBuildFile; fileRef = AA0000000000000000000051 /* DesignSystem.swift */; };
		AA0000000000000000000114 /* CaptureRequest.swift in Sources */ = {isa = PBXBuildFile; fileRef = AA0000000000000000000014 /* CaptureRequest.swift */; };
		AA0000000000000000000115 /* RecordingModels.swift in Sources */ = {isa = PBXBuildFile; fileRef = AA0000000000000000000015 /* RecordingModels.swift */; };
		AA0000000000000000000116 /* PointerEvent.swift in Sources */ = {isa = PBXBuildFile; fileRef = AA0000000000000000000016 /* PointerEvent.swift */; };
		AA0000000000000000000117 /* FrameModels.swift in Sources */ = {isa = PBXBuildFile; fileRef = AA0000000000000000000017 /* FrameModels.swift */; };
		AA0000000000000000000118 /* PacketManifest.swift in Sources */ = {isa = PBXBuildFile; fileRef = AA0000000000000000000018 /* PacketManifest.swift */; };
		AA0000000000000000000119 /* PointerEventRecorder.swift in Sources */ = {isa = PBXBuildFile; fileRef = AA0000000000000000000019 /* PointerEventRecorder.swift */; };
		AA0000000000000000000120 /* ScreenCaptureRecorder.swift in Sources */ = {isa = PBXBuildFile; fileRef = AA0000000000000000000020 /* ScreenCaptureRecorder.swift */; };
		AA0000000000000000000121 /* VideoUtilities.swift in Sources */ = {isa = PBXBuildFile; fileRef = AA0000000000000000000021 /* VideoUtilities.swift */; };
		AA0000000000000000000122 /* FrameExtractor.swift in Sources */ = {isa = PBXBuildFile; fileRef = AA0000000000000000000022 /* FrameExtractor.swift */; };
		AA0000000000000000000123 /* TranscriptionService.swift in Sources */ = {isa = PBXBuildFile; fileRef = AA0000000000000000000023 /* TranscriptionService.swift */; };
		AA0000000000000000000124 /* SecretStore.swift in Sources */ = {isa = PBXBuildFile; fileRef = AA0000000000000000000024 /* SecretStore.swift */; };
		AA0000000000000000000125 /* AIProviderService.swift in Sources */ = {isa = PBXBuildFile; fileRef = AA0000000000000000000025 /* AIProviderService.swift */; };
		AA0000000000000000000126 /* ZipService.swift in Sources */ = {isa = PBXBuildFile; fileRef = AA0000000000000000000026 /* ZipService.swift */; };
		AA0000000000000000000127 /* PacketProcessor.swift in Sources */ = {isa = PBXBuildFile; fileRef = AA0000000000000000000027 /* PacketProcessor.swift */; };
		AA0000000000000000000128 /* RecordingHUDView.swift in Sources */ = {isa = PBXBuildFile; fileRef = AA0000000000000000000028 /* RecordingHUDView.swift */; };
		AA0000000000000000000129 /* MainWindowController.swift in Sources */ = {isa = PBXBuildFile; fileRef = AA0000000000000000000029 /* MainWindowController.swift */; };
		AA0000000000000000000130 /* RegionSelectionController.swift in Sources */ = {isa = PBXBuildFile; fileRef = AA0000000000000000000030 /* RegionSelectionController.swift */; };
		FB97FCED55D84726B9A87AC7 /* ElementIntelligence.swift in Sources */ = {isa = PBXBuildFile; fileRef = 472617A9DF104CC2A76AC7F2 /* ElementIntelligence.swift */; };
		6F1D93E5A2C84B07B9D4E2F1 /* WebElementBridge.swift in Sources */ = {isa = PBXBuildFile; fileRef = 3D8A21C47E5B4F9082C6B1A0 /* WebElementBridge.swift */; };
		AA0000000000000000000131 /* WindowSelectionController.swift in Sources */ = {isa = PBXBuildFile; fileRef = AA0000000000000000000031 /* WindowSelectionController.swift */; };
		AA0000000000000000000132 /* PacketHistoryStore.swift in Sources */ = {isa = PBXBuildFile; fileRef = AA0000000000000000000032 /* PacketHistoryStore.swift */; };
		AA0000000000000000000133 /* FramePlanningService.swift in Sources */ = {isa = PBXBuildFile; fileRef = AA0000000000000000000033 /* FramePlanningService.swift */; };
		AA0000000000000000000134 /* ActiveWindowSample.swift in Sources */ = {isa = PBXBuildFile; fileRef = AA0000000000000000000034 /* ActiveWindowSample.swift */; };
		AA0000000000000000000135 /* ActiveWindowTracker.swift in Sources */ = {isa = PBXBuildFile; fileRef = AA0000000000000000000035 /* ActiveWindowTracker.swift */; };
		AA0000000000000000000136 /* PermissionService.swift in Sources */ = {isa = PBXBuildFile; fileRef = AA0000000000000000000036 /* PermissionService.swift */; };
		AA0000000000000000000137 /* MicLevelMonitor.swift in Sources */ = {isa = PBXBuildFile; fileRef = AA0000000000000000000037 /* MicLevelMonitor.swift */; };
		AA0000000000000000000138 /* FixtureProcessingRunner.swift in Sources */ = {isa = PBXBuildFile; fileRef = AA0000000000000000000038 /* FixtureProcessingRunner.swift */; };
		AA0000000000000000000139 /* AppPreferencesStore.swift in Sources */ = {isa = PBXBuildFile; fileRef = AA0000000000000000000039 /* AppPreferencesStore.swift */; };
		AA0000000000000000000140 /* PacketHistoryRecovery.swift in Sources */ = {isa = PBXBuildFile; fileRef = AA0000000000000000000040 /* PacketHistoryRecovery.swift */; };
		AA0000000000000000000141 /* PacketClipboard.swift in Sources */ = {isa = PBXBuildFile; fileRef = AA0000000000000000000041 /* PacketClipboard.swift */; };
		AA0000000000000000000142 /* ChromeTabService.swift in Sources */ = {isa = PBXBuildFile; fileRef = AA0000000000000000000042 /* ChromeTabService.swift */; };
		AA0000000000000000000143 /* AgentPromptProfile.swift in Sources */ = {isa = PBXBuildFile; fileRef = AA0000000000000000000043 /* AgentPromptProfile.swift */; };
		AA0000000000000000000144 /* AnnotationModels.swift in Sources */ = {isa = PBXBuildFile; fileRef = AA0000000000000000000044 /* AnnotationModels.swift */; };
		AA0000000000000000000145 /* AnnotationOverlayController.swift in Sources */ = {isa = PBXBuildFile; fileRef = AA0000000000000000000045 /* AnnotationOverlayController.swift */; };
		AA0000000000000000000146 /* VideoTrimService.swift in Sources */ = {isa = PBXBuildFile; fileRef = AA0000000000000000000046 /* VideoTrimService.swift */; };
		AA0000000000000000000147 /* ProjectContextService.swift in Sources */ = {isa = PBXBuildFile; fileRef = AA0000000000000000000047 /* ProjectContextService.swift */; };
		B1C2D3E4F5A60718293A4B5D /* SetupReadinessService.swift in Sources */ = {isa = PBXBuildFile; fileRef = B1C2D3E4F5A60718293A4B5C /* SetupReadinessService.swift */; };
		B1C2D3E4F5A60718293A4B5F /* SetupChecklistView.swift in Sources */ = {isa = PBXBuildFile; fileRef = B1C2D3E4F5A60718293A4B5E /* SetupChecklistView.swift */; };
/* End PBXBuildFile section */

/* Begin PBXFileReference section */
		AA0000000000000000000001 /* SynApp.swift */ = {isa = PBXFileReference; lastKnownFileType = sourcecode.swift; path = SynApp.swift; sourceTree = "<group>"; };
		AA0000000000000000000002 /* AppDelegate.swift */ = {isa = PBXFileReference; lastKnownFileType = sourcecode.swift; path = AppDelegate.swift; sourceTree = "<group>"; };
		AA0000000000000000000003 /* CaptureMode.swift */ = {isa = PBXFileReference; lastKnownFileType = sourcecode.swift; path = CaptureMode.swift; sourceTree = "<group>"; };
		AA0000000000000000000004 /* PacketModels.swift */ = {isa = PBXFileReference; lastKnownFileType = sourcecode.swift; path = PacketModels.swift; sourceTree = "<group>"; };
		AA0000000000000000000005 /* AppState.swift */ = {isa = PBXFileReference; lastKnownFileType = sourcecode.swift; path = AppState.swift; sourceTree = "<group>"; };
		AA0000000000000000000006 /* GlobalHotkeyService.swift */ = {isa = PBXFileReference; lastKnownFileType = sourcecode.swift; path = GlobalHotkeyService.swift; sourceTree = "<group>"; };
		AA0000000000000000000007 /* PacketLayout.swift */ = {isa = PBXFileReference; lastKnownFileType = sourcecode.swift; path = PacketLayout.swift; sourceTree = "<group>"; };
		AA0000000000000000000008 /* MenuBarView.swift */ = {isa = PBXFileReference; lastKnownFileType = sourcecode.swift; path = MenuBarView.swift; sourceTree = "<group>"; };
		AA0000000000000000000009 /* ContentView.swift */ = {isa = PBXFileReference; lastKnownFileType = sourcecode.swift; path = ContentView.swift; sourceTree = "<group>"; };
		AA0000000000000000000010 /* CapturePickerView.swift */ = {isa = PBXFileReference; lastKnownFileType = sourcecode.swift; path = CapturePickerView.swift; sourceTree = "<group>"; };
		AA0000000000000000000011 /* PermissionsChecklistView.swift */ = {isa = PBXFileReference; lastKnownFileType = sourcecode.swift; path = PermissionsChecklistView.swift; sourceTree = "<group>"; };
		AA0000000000000000000012 /* SettingsView.swift */ = {isa = PBXFileReference; lastKnownFileType = sourcecode.swift; path = SettingsView.swift; sourceTree = "<group>"; };
		AA0000000000000000000013 /* DurationFormatter.swift */ = {isa = PBXFileReference; lastKnownFileType = sourcecode.swift; path = DurationFormatter.swift; sourceTree = "<group>"; };
		AA0000000000000000000051 /* DesignSystem.swift */ = {isa = PBXFileReference; lastKnownFileType = sourcecode.swift; path = DesignSystem.swift; sourceTree = "<group>"; };
		AA0000000000000000000014 /* CaptureRequest.swift */ = {isa = PBXFileReference; lastKnownFileType = sourcecode.swift; path = CaptureRequest.swift; sourceTree = "<group>"; };
		AA0000000000000000000015 /* RecordingModels.swift */ = {isa = PBXFileReference; lastKnownFileType = sourcecode.swift; path = RecordingModels.swift; sourceTree = "<group>"; };
		AA0000000000000000000016 /* PointerEvent.swift */ = {isa = PBXFileReference; lastKnownFileType = sourcecode.swift; path = PointerEvent.swift; sourceTree = "<group>"; };
		AA0000000000000000000017 /* FrameModels.swift */ = {isa = PBXFileReference; lastKnownFileType = sourcecode.swift; path = FrameModels.swift; sourceTree = "<group>"; };
		AA0000000000000000000018 /* PacketManifest.swift */ = {isa = PBXFileReference; lastKnownFileType = sourcecode.swift; path = PacketManifest.swift; sourceTree = "<group>"; };
		AA0000000000000000000019 /* PointerEventRecorder.swift */ = {isa = PBXFileReference; lastKnownFileType = sourcecode.swift; path = PointerEventRecorder.swift; sourceTree = "<group>"; };
		AA0000000000000000000020 /* ScreenCaptureRecorder.swift */ = {isa = PBXFileReference; lastKnownFileType = sourcecode.swift; path = ScreenCaptureRecorder.swift; sourceTree = "<group>"; };
		AA0000000000000000000021 /* VideoUtilities.swift */ = {isa = PBXFileReference; lastKnownFileType = sourcecode.swift; path = VideoUtilities.swift; sourceTree = "<group>"; };
		AA0000000000000000000022 /* FrameExtractor.swift */ = {isa = PBXFileReference; lastKnownFileType = sourcecode.swift; path = FrameExtractor.swift; sourceTree = "<group>"; };
		AA0000000000000000000023 /* TranscriptionService.swift */ = {isa = PBXFileReference; lastKnownFileType = sourcecode.swift; path = TranscriptionService.swift; sourceTree = "<group>"; };
		AA0000000000000000000024 /* SecretStore.swift */ = {isa = PBXFileReference; lastKnownFileType = sourcecode.swift; path = SecretStore.swift; sourceTree = "<group>"; };
		AA0000000000000000000025 /* AIProviderService.swift */ = {isa = PBXFileReference; lastKnownFileType = sourcecode.swift; path = AIProviderService.swift; sourceTree = "<group>"; };
		AA0000000000000000000026 /* ZipService.swift */ = {isa = PBXFileReference; lastKnownFileType = sourcecode.swift; path = ZipService.swift; sourceTree = "<group>"; };
		AA0000000000000000000027 /* PacketProcessor.swift */ = {isa = PBXFileReference; lastKnownFileType = sourcecode.swift; path = PacketProcessor.swift; sourceTree = "<group>"; };
		AA0000000000000000000028 /* RecordingHUDView.swift */ = {isa = PBXFileReference; lastKnownFileType = sourcecode.swift; path = RecordingHUDView.swift; sourceTree = "<group>"; };
		AA0000000000000000000029 /* MainWindowController.swift */ = {isa = PBXFileReference; lastKnownFileType = sourcecode.swift; path = MainWindowController.swift; sourceTree = "<group>"; };
		AA0000000000000000000030 /* RegionSelectionController.swift */ = {isa = PBXFileReference; lastKnownFileType = sourcecode.swift; path = RegionSelectionController.swift; sourceTree = "<group>"; };
		472617A9DF104CC2A76AC7F2 /* ElementIntelligence.swift */ = {isa = PBXFileReference; lastKnownFileType = sourcecode.swift; path = ElementIntelligence.swift; sourceTree = "<group>"; };
		3D8A21C47E5B4F9082C6B1A0 /* WebElementBridge.swift */ = {isa = PBXFileReference; lastKnownFileType = sourcecode.swift; path = WebElementBridge.swift; sourceTree = "<group>"; };
		AA0000000000000000000031 /* WindowSelectionController.swift */ = {isa = PBXFileReference; lastKnownFileType = sourcecode.swift; path = WindowSelectionController.swift; sourceTree = "<group>"; };
		AA0000000000000000000032 /* PacketHistoryStore.swift */ = {isa = PBXFileReference; lastKnownFileType = sourcecode.swift; path = PacketHistoryStore.swift; sourceTree = "<group>"; };
		AA0000000000000000000033 /* FramePlanningService.swift */ = {isa = PBXFileReference; lastKnownFileType = sourcecode.swift; path = FramePlanningService.swift; sourceTree = "<group>"; };
		AA0000000000000000000034 /* ActiveWindowSample.swift */ = {isa = PBXFileReference; lastKnownFileType = sourcecode.swift; path = ActiveWindowSample.swift; sourceTree = "<group>"; };
		AA0000000000000000000035 /* ActiveWindowTracker.swift */ = {isa = PBXFileReference; lastKnownFileType = sourcecode.swift; path = ActiveWindowTracker.swift; sourceTree = "<group>"; };
		AA0000000000000000000036 /* PermissionService.swift */ = {isa = PBXFileReference; lastKnownFileType = sourcecode.swift; path = PermissionService.swift; sourceTree = "<group>"; };
		AA0000000000000000000037 /* MicLevelMonitor.swift */ = {isa = PBXFileReference; lastKnownFileType = sourcecode.swift; path = MicLevelMonitor.swift; sourceTree = "<group>"; };
		AA0000000000000000000038 /* FixtureProcessingRunner.swift */ = {isa = PBXFileReference; lastKnownFileType = sourcecode.swift; path = FixtureProcessingRunner.swift; sourceTree = "<group>"; };
		AA0000000000000000000039 /* AppPreferencesStore.swift */ = {isa = PBXFileReference; lastKnownFileType = sourcecode.swift; path = AppPreferencesStore.swift; sourceTree = "<group>"; };
		AA0000000000000000000040 /* PacketHistoryRecovery.swift */ = {isa = PBXFileReference; lastKnownFileType = sourcecode.swift; path = PacketHistoryRecovery.swift; sourceTree = "<group>"; };
		AA0000000000000000000041 /* PacketClipboard.swift */ = {isa = PBXFileReference; lastKnownFileType = sourcecode.swift; path = PacketClipboard.swift; sourceTree = "<group>"; };
		AA0000000000000000000042 /* ChromeTabService.swift */ = {isa = PBXFileReference; lastKnownFileType = sourcecode.swift; path = ChromeTabService.swift; sourceTree = "<group>"; };
		AA0000000000000000000043 /* AgentPromptProfile.swift */ = {isa = PBXFileReference; lastKnownFileType = sourcecode.swift; path = AgentPromptProfile.swift; sourceTree = "<group>"; };
		AA0000000000000000000044 /* AnnotationModels.swift */ = {isa = PBXFileReference; lastKnownFileType = sourcecode.swift; path = AnnotationModels.swift; sourceTree = "<group>"; };
		AA0000000000000000000045 /* AnnotationOverlayController.swift */ = {isa = PBXFileReference; lastKnownFileType = sourcecode.swift; path = AnnotationOverlayController.swift; sourceTree = "<group>"; };
		AA0000000000000000000046 /* VideoTrimService.swift */ = {isa = PBXFileReference; lastKnownFileType = sourcecode.swift; path = VideoTrimService.swift; sourceTree = "<group>"; };
		AA0000000000000000000047 /* ProjectContextService.swift */ = {isa = PBXFileReference; lastKnownFileType = sourcecode.swift; path = ProjectContextService.swift; sourceTree = "<group>"; };
		B1C2D3E4F5A60718293A4B5C /* SetupReadinessService.swift */ = {isa = PBXFileReference; lastKnownFileType = sourcecode.swift; path = SetupReadinessService.swift; sourceTree = "<group>"; };
		B1C2D3E4F5A60718293A4B5E /* SetupChecklistView.swift */ = {isa = PBXFileReference; lastKnownFileType = sourcecode.swift; path = SetupChecklistView.swift; sourceTree = "<group>"; };
		AA00000000000000000000F1 /* Syn.app */ = {isa = PBXFileReference; explicitFileType = wrapper.application; includeInIndex = 0; path = Syn.app; sourceTree = BUILT_PRODUCTS_DIR; };
/* End PBXFileReference section */

/* Begin PBXFrameworksBuildPhase section */
		AA00000000000000000000B2 /* Frameworks */ = {
			isa = PBXFrameworksBuildPhase;
			buildActionMask = 2147483647;
			files = (
			);
			runOnlyForDeploymentPostprocessing = 0;
		};
/* End PBXFrameworksBuildPhase section */

/* Begin PBXGroup section */
		AA00000000000000000000A1 = {
			isa = PBXGroup;
			children = (
				AA00000000000000000000A2 /* Syn */,
				AA00000000000000000000A8 /* Products */,
			);
			sourceTree = "<group>";
		};
		AA00000000000000000000A2 /* Syn */ = {
			isa = PBXGroup;
			children = (
				AA00000000000000000000A3 /* App */,
				AA00000000000000000000A4 /* Models */,
				AA00000000000000000000A5 /* Stores */,
				AA00000000000000000000A6 /* Services */,
				AA00000000000000000000A7 /* Views */,
				AA00000000000000000000A9 /* Support */,
			);
			path = Syn;
			sourceTree = "<group>";
		};
		AA00000000000000000000A3 /* App */ = {
			isa = PBXGroup;
			children = (
				AA0000000000000000000001 /* SynApp.swift */,
				AA0000000000000000000002 /* AppDelegate.swift */,
			);
			path = App;
			sourceTree = "<group>";
		};
		AA00000000000000000000A4 /* Models */ = {
			isa = PBXGroup;
			children = (
				AA0000000000000000000003 /* CaptureMode.swift */,
				AA0000000000000000000004 /* PacketModels.swift */,
				AA0000000000000000000014 /* CaptureRequest.swift */,
				AA0000000000000000000015 /* RecordingModels.swift */,
				AA0000000000000000000016 /* PointerEvent.swift */,
				AA0000000000000000000017 /* FrameModels.swift */,
				AA0000000000000000000018 /* PacketManifest.swift */,
				AA0000000000000000000034 /* ActiveWindowSample.swift */,
				AA0000000000000000000043 /* AgentPromptProfile.swift */,
				AA0000000000000000000044 /* AnnotationModels.swift */,
			);
			path = Models;
			sourceTree = "<group>";
		};
		AA00000000000000000000A5 /* Stores */ = {
			isa = PBXGroup;
			children = (
				AA0000000000000000000005 /* AppState.swift */,
			);
			path = Stores;
			sourceTree = "<group>";
		};
		AA00000000000000000000A6 /* Services */ = {
			isa = PBXGroup;
			children = (
				AA0000000000000000000006 /* GlobalHotkeyService.swift */,
				AA0000000000000000000007 /* PacketLayout.swift */,
				AA0000000000000000000019 /* PointerEventRecorder.swift */,
				AA0000000000000000000020 /* ScreenCaptureRecorder.swift */,
				AA0000000000000000000021 /* VideoUtilities.swift */,
				AA0000000000000000000022 /* FrameExtractor.swift */,
				AA0000000000000000000023 /* TranscriptionService.swift */,
				AA0000000000000000000024 /* SecretStore.swift */,
				AA0000000000000000000025 /* AIProviderService.swift */,
				AA0000000000000000000026 /* ZipService.swift */,
				AA0000000000000000000027 /* PacketProcessor.swift */,
				AA0000000000000000000041 /* PacketClipboard.swift */,
				AA0000000000000000000029 /* MainWindowController.swift */,
				AA0000000000000000000030 /* RegionSelectionController.swift */,
				472617A9DF104CC2A76AC7F2 /* ElementIntelligence.swift */,
				3D8A21C47E5B4F9082C6B1A0 /* WebElementBridge.swift */,
				AA0000000000000000000031 /* WindowSelectionController.swift */,
				AA0000000000000000000032 /* PacketHistoryStore.swift */,
				AA0000000000000000000033 /* FramePlanningService.swift */,
				AA0000000000000000000035 /* ActiveWindowTracker.swift */,
				AA0000000000000000000036 /* PermissionService.swift */,
				AA0000000000000000000037 /* MicLevelMonitor.swift */,
				AA0000000000000000000038 /* FixtureProcessingRunner.swift */,
				AA0000000000000000000039 /* AppPreferencesStore.swift */,
				AA0000000000000000000040 /* PacketHistoryRecovery.swift */,
				AA0000000000000000000042 /* ChromeTabService.swift */,
				AA0000000000000000000045 /* AnnotationOverlayController.swift */,
				AA0000000000000000000046 /* VideoTrimService.swift */,
				AA0000000000000000000047 /* ProjectContextService.swift */,
				B1C2D3E4F5A60718293A4B5C /* SetupReadinessService.swift */,
			);
			path = Services;
			sourceTree = "<group>";
		};
		AA00000000000000000000A7 /* Views */ = {
			isa = PBXGroup;
			children = (
				AA0000000000000000000008 /* MenuBarView.swift */,
				AA0000000000000000000009 /* ContentView.swift */,
				AA0000000000000000000010 /* CapturePickerView.swift */,
				AA0000000000000000000011 /* PermissionsChecklistView.swift */,
				AA0000000000000000000012 /* SettingsView.swift */,
				AA0000000000000000000028 /* RecordingHUDView.swift */,
				B1C2D3E4F5A60718293A4B5E /* SetupChecklistView.swift */,
			);
			path = Views;
			sourceTree = "<group>";
		};
		AA00000000000000000000A8 /* Products */ = {
			isa = PBXGroup;
			children = (
				AA00000000000000000000F1 /* Syn.app */,
			);
			name = Products;
			sourceTree = "<group>";
		};
		AA00000000000000000000A9 /* Support */ = {
			isa = PBXGroup;
			children = (
				AA0000000000000000000013 /* DurationFormatter.swift */,
				AA0000000000000000000051 /* DesignSystem.swift */,
			);
			path = Support;
			sourceTree = "<group>";
		};
/* End PBXGroup section */

/* Begin PBXNativeTarget section */
		AA00000000000000000000C1 /* Syn */ = {
			isa = PBXNativeTarget;
			buildConfigurationList = AA00000000000000000000E2 /* Build configuration list for PBXNativeTarget "Syn" */;
			buildPhases = (
				AA00000000000000000000B1 /* Sources */,
				AA00000000000000000000B2 /* Frameworks */,
				AA00000000000000000000B3 /* Resources */,
				AA00000000000000000000B4 /* Embed Whisper Assets */,
			);
			buildRules = (
			);
			dependencies = (
			);
			name = Syn;
			productName = Syn;
			productReference = AA00000000000000000000F1 /* Syn.app */;
			productType = "com.apple.product-type.application";
		};
/* End PBXNativeTarget section */

/* Begin PBXProject section */
		AA00000000000000000000D1 /* Project object */ = {
			isa = PBXProject;
			attributes = {
				BuildIndependentTargetsInParallel = 1;
				LastSwiftUpdateCheck = 2620;
				LastUpgradeCheck = 2620;
				TargetAttributes = {
					AA00000000000000000000C1 = {
						CreatedOnToolsVersion = 26.2;
					};
				};
			};
			buildConfigurationList = AA00000000000000000000E1 /* Build configuration list for PBXProject "Syn" */;
			compatibilityVersion = "Xcode 15.0";
			developmentRegion = en;
			hasScannedForEncodings = 0;
			knownRegions = (
				en,
				Base,
			);
			mainGroup = AA00000000000000000000A1;
			productRefGroup = AA00000000000000000000A8 /* Products */;
			projectDirPath = "";
			projectRoot = "";
			targets = (
				AA00000000000000000000C1 /* Syn */,
			);
		};
/* End PBXProject section */

/* Begin PBXResourcesBuildPhase section */
		AA00000000000000000000B3 /* Resources */ = {
			isa = PBXResourcesBuildPhase;
			buildActionMask = 2147483647;
			files = (
			);
			runOnlyForDeploymentPostprocessing = 0;
		};
/* End PBXResourcesBuildPhase section */

/* Begin PBXShellScriptBuildPhase section */
		AA00000000000000000000B4 /* Embed Whisper Assets */ = {
			isa = PBXShellScriptBuildPhase;
			alwaysOutOfDate = 1;
			buildActionMask = 2147483647;
			files = (
			);
			inputPaths = (
				/opt/homebrew/Cellar/whisper-cpp/1.8.4/bin/whisper-cli,
				/opt/homebrew/Cellar/whisper-cpp/1.8.4/lib/libwhisper.1.8.4.dylib,
				/opt/homebrew/opt/ggml/lib/libggml.0.11.1.dylib,
				/opt/homebrew/opt/ggml/lib/libggml-base.0.11.1.dylib,
				/opt/homebrew/opt/libomp/lib/libomp.dylib,
				/opt/homebrew/Cellar/ggml/0.11.1/libexec/libggml-blas.so,
				/opt/homebrew/Cellar/ggml/0.11.1/libexec/libggml-cpu-apple_m1.so,
				/opt/homebrew/Cellar/ggml/0.11.1/libexec/libggml-cpu-apple_m2_m3.so,
				/opt/homebrew/Cellar/ggml/0.11.1/libexec/libggml-cpu-apple_m4.so,
				/opt/homebrew/Cellar/ggml/0.11.1/libexec/libggml-metal.so,
				/Users/trmd/Library/Caches/Ravn/whisper-models/ggml-base.en.bin,
			);
			name = "Embed Whisper Assets";
			outputPaths = (
				"$(TARGET_BUILD_DIR)/$(UNLOCALIZED_RESOURCES_FOLDER_PATH)/Whisper/whisper-cli",
				"$(TARGET_BUILD_DIR)/$(UNLOCALIZED_RESOURCES_FOLDER_PATH)/Whisper/libwhisper.1.dylib",
				"$(TARGET_BUILD_DIR)/$(UNLOCALIZED_RESOURCES_FOLDER_PATH)/Whisper/libggml.0.dylib",
				"$(TARGET_BUILD_DIR)/$(UNLOCALIZED_RESOURCES_FOLDER_PATH)/Whisper/libggml-base.0.dylib",
				"$(TARGET_BUILD_DIR)/$(UNLOCALIZED_RESOURCES_FOLDER_PATH)/Whisper/Backends/libomp.dylib",
				"$(TARGET_BUILD_DIR)/$(UNLOCALIZED_RESOURCES_FOLDER_PATH)/Whisper/Backends/libggml-blas.so",
				"$(TARGET_BUILD_DIR)/$(UNLOCALIZED_RESOURCES_FOLDER_PATH)/Whisper/Backends/libggml-cpu-apple_m1.so",
				"$(TARGET_BUILD_DIR)/$(UNLOCALIZED_RESOURCES_FOLDER_PATH)/Whisper/Backends/libggml-cpu-apple_m2_m3.so",
				"$(TARGET_BUILD_DIR)/$(UNLOCALIZED_RESOURCES_FOLDER_PATH)/Whisper/Backends/libggml-cpu-apple_m4.so",
				"$(TARGET_BUILD_DIR)/$(UNLOCALIZED_RESOURCES_FOLDER_PATH)/Whisper/Backends/libggml-metal.so",
				"$(TARGET_BUILD_DIR)/$(UNLOCALIZED_RESOURCES_FOLDER_PATH)/Whisper/Models/ggml-base.en.bin",
			);
			runOnlyForDeploymentPostprocessing = 0;
			shellPath = /bin/bash;
			shellScript = "\"${SRCROOT}/script/embed_whisper_assets.sh\"";
			showEnvVarsInLog = 0;
		};
/* End PBXShellScriptBuildPhase section */

/* Begin PBXSourcesBuildPhase section */
		AA00000000000000000000B1 /* Sources */ = {
			isa = PBXSourcesBuildPhase;
			buildActionMask = 2147483647;
			files = (
				AA0000000000000000000101 /* SynApp.swift in Sources */,
				AA0000000000000000000102 /* AppDelegate.swift in Sources */,
				AA0000000000000000000103 /* CaptureMode.swift in Sources */,
				AA0000000000000000000104 /* PacketModels.swift in Sources */,
				AA0000000000000000000105 /* AppState.swift in Sources */,
				AA0000000000000000000106 /* GlobalHotkeyService.swift in Sources */,
				AA0000000000000000000107 /* PacketLayout.swift in Sources */,
				AA0000000000000000000108 /* MenuBarView.swift in Sources */,
				AA0000000000000000000109 /* ContentView.swift in Sources */,
				AA0000000000000000000110 /* CapturePickerView.swift in Sources */,
				AA0000000000000000000111 /* PermissionsChecklistView.swift in Sources */,
				AA0000000000000000000112 /* SettingsView.swift in Sources */,
				AA0000000000000000000113 /* DurationFormatter.swift in Sources */,
				AA0000000000000000000151 /* DesignSystem.swift in Sources */,
				AA0000000000000000000114 /* CaptureRequest.swift in Sources */,
				AA0000000000000000000115 /* RecordingModels.swift in Sources */,
				AA0000000000000000000116 /* PointerEvent.swift in Sources */,
				AA0000000000000000000117 /* FrameModels.swift in Sources */,
				AA0000000000000000000118 /* PacketManifest.swift in Sources */,
				AA0000000000000000000119 /* PointerEventRecorder.swift in Sources */,
				AA0000000000000000000120 /* ScreenCaptureRecorder.swift in Sources */,
				AA0000000000000000000121 /* VideoUtilities.swift in Sources */,
				AA0000000000000000000122 /* FrameExtractor.swift in Sources */,
				AA0000000000000000000123 /* TranscriptionService.swift in Sources */,
				AA0000000000000000000124 /* SecretStore.swift in Sources */,
				AA0000000000000000000125 /* AIProviderService.swift in Sources */,
				AA0000000000000000000126 /* ZipService.swift in Sources */,
				AA0000000000000000000127 /* PacketProcessor.swift in Sources */,
				AA0000000000000000000128 /* RecordingHUDView.swift in Sources */,
				AA0000000000000000000129 /* MainWindowController.swift in Sources */,
				AA0000000000000000000130 /* RegionSelectionController.swift in Sources */,
				FB97FCED55D84726B9A87AC7 /* ElementIntelligence.swift in Sources */,
				6F1D93E5A2C84B07B9D4E2F1 /* WebElementBridge.swift in Sources */,
				AA0000000000000000000131 /* WindowSelectionController.swift in Sources */,
				AA0000000000000000000132 /* PacketHistoryStore.swift in Sources */,
				AA0000000000000000000133 /* FramePlanningService.swift in Sources */,
				AA0000000000000000000134 /* ActiveWindowSample.swift in Sources */,
				AA0000000000000000000135 /* ActiveWindowTracker.swift in Sources */,
				AA0000000000000000000136 /* PermissionService.swift in Sources */,
				AA0000000000000000000137 /* MicLevelMonitor.swift in Sources */,
				AA0000000000000000000138 /* FixtureProcessingRunner.swift in Sources */,
				AA0000000000000000000139 /* AppPreferencesStore.swift in Sources */,
				AA0000000000000000000140 /* PacketHistoryRecovery.swift in Sources */,
				AA0000000000000000000141 /* PacketClipboard.swift in Sources */,
				AA0000000000000000000142 /* ChromeTabService.swift in Sources */,
				AA0000000000000000000143 /* AgentPromptProfile.swift in Sources */,
				AA0000000000000000000144 /* AnnotationModels.swift in Sources */,
				AA0000000000000000000145 /* AnnotationOverlayController.swift in Sources */,
				AA0000000000000000000146 /* VideoTrimService.swift in Sources */,
				AA0000000000000000000147 /* ProjectContextService.swift in Sources */,
				B1C2D3E4F5A60718293A4B5D /* SetupReadinessService.swift in Sources */,
				B1C2D3E4F5A60718293A4B5F /* SetupChecklistView.swift in Sources */,
			);
			runOnlyForDeploymentPostprocessing = 0;
		};
/* End PBXSourcesBuildPhase section */

/* Begin XCBuildConfiguration section */
		AA00000000000000000000E3 /* Debug */ = {
			isa = XCBuildConfiguration;
			buildSettings = {
				ALWAYS_SEARCH_USER_PATHS = NO;
				CLANG_ANALYZER_NONNULL = YES;
				CLANG_ANALYZER_NUMBER_OBJECT_CONVERSION = YES_AGGRESSIVE;
				CLANG_CXX_LANGUAGE_STANDARD = "gnu++20";
				CLANG_ENABLE_MODULES = YES;
				CLANG_ENABLE_OBJC_ARC = YES;
				CLANG_ENABLE_OBJC_WEAK = YES;
				CLANG_WARN_BLOCK_CAPTURE_AUTORELEASING = YES;
				CLANG_WARN_BOOL_CONVERSION = YES;
				CLANG_WARN_COMMA = YES;
				CLANG_WARN_CONSTANT_CONVERSION = YES;
				CLANG_WARN_DEPRECATED_OBJC_IMPLEMENTATIONS = YES;
				CLANG_WARN_DIRECT_OBJC_ISA_USAGE = YES_ERROR;
				CLANG_WARN_DOCUMENTATION_COMMENTS = YES;
				CLANG_WARN_EMPTY_BODY = YES;
				CLANG_WARN_ENUM_CONVERSION = YES;
				CLANG_WARN_INFINITE_RECURSION = YES;
				CLANG_WARN_INT_CONVERSION = YES;
				CLANG_WARN_NON_LITERAL_NULL_CONVERSION = YES;
				CLANG_WARN_OBJC_IMPLICIT_RETAIN_SELF = YES;
				CLANG_WARN_OBJC_LITERAL_CONVERSION = YES;
				CLANG_WARN_OBJC_ROOT_CLASS = YES_ERROR;
				CLANG_WARN_QUOTED_INCLUDE_IN_FRAMEWORK_HEADER = YES;
				CLANG_WARN_RANGE_LOOP_ANALYSIS = YES;
				CLANG_WARN_STRICT_PROTOTYPES = YES;
				CLANG_WARN_SUSPICIOUS_MOVE = YES;
				CLANG_WARN_UNGUARDED_AVAILABILITY = YES_AGGRESSIVE;
				CLANG_WARN_UNREACHABLE_CODE = YES;
				CLANG_WARN__DUPLICATE_METHOD_MATCH = YES;
				COPY_PHASE_STRIP = NO;
				DEBUG_INFORMATION_FORMAT = dwarf;
				ENABLE_STRICT_OBJC_MSGSEND = YES;
				ENABLE_TESTABILITY = YES;
				ENABLE_USER_SCRIPT_SANDBOXING = NO;
				GCC_C_LANGUAGE_STANDARD = gnu17;
				GCC_DYNAMIC_NO_PIC = NO;
				GCC_NO_COMMON_BLOCKS = YES;
				GCC_OPTIMIZATION_LEVEL = 0;
				GCC_PREPROCESSOR_DEFINITIONS = (
					"DEBUG=1",
					"$(inherited)",
				);
				GCC_WARN_64_TO_32_BIT_CONVERSION = YES;
				GCC_WARN_ABOUT_RETURN_TYPE = YES_ERROR;
				GCC_WARN_UNDECLARED_SELECTOR = YES;
				GCC_WARN_UNINITIALIZED_AUTOS = YES_AGGRESSIVE;
				GCC_WARN_UNUSED_FUNCTION = YES;
				GCC_WARN_UNUSED_VARIABLE = YES;
				MACOSX_DEPLOYMENT_TARGET = 15.0;
				MTL_ENABLE_DEBUG_INFO = INCLUDE_SOURCE;
				MTL_FAST_MATH = YES;
				ONLY_ACTIVE_ARCH = YES;
				SDKROOT = macosx;
				SWIFT_ACTIVE_COMPILATION_CONDITIONS = "DEBUG $(inherited)";
				SWIFT_OPTIMIZATION_LEVEL = "-Onone";
			};
			name = Debug;
		};
		AA00000000000000000000E4 /* Release */ = {
			isa = XCBuildConfiguration;
			buildSettings = {
				ALWAYS_SEARCH_USER_PATHS = NO;
				CLANG_ANALYZER_NONNULL = YES;
				CLANG_ANALYZER_NUMBER_OBJECT_CONVERSION = YES_AGGRESSIVE;
				CLANG_CXX_LANGUAGE_STANDARD = "gnu++20";
				CLANG_ENABLE_MODULES = YES;
				CLANG_ENABLE_OBJC_ARC = YES;
				CLANG_ENABLE_OBJC_WEAK = YES;
				CLANG_WARN_BLOCK_CAPTURE_AUTORELEASING = YES;
				CLANG_WARN_BOOL_CONVERSION = YES;
				CLANG_WARN_COMMA = YES;
				CLANG_WARN_CONSTANT_CONVERSION = YES;
				CLANG_WARN_DEPRECATED_OBJC_IMPLEMENTATIONS = YES;
				CLANG_WARN_DIRECT_OBJC_ISA_USAGE = YES_ERROR;
				CLANG_WARN_DOCUMENTATION_COMMENTS = YES;
				CLANG_WARN_EMPTY_BODY = YES;
				CLANG_WARN_ENUM_CONVERSION = YES;
				CLANG_WARN_INFINITE_RECURSION = YES;
				CLANG_WARN_INT_CONVERSION = YES;
				CLANG_WARN_NON_LITERAL_NULL_CONVERSION = YES;
				CLANG_WARN_OBJC_IMPLICIT_RETAIN_SELF = YES;
				CLANG_WARN_OBJC_LITERAL_CONVERSION = YES;
				CLANG_WARN_OBJC_ROOT_CLASS = YES_ERROR;
				CLANG_WARN_QUOTED_INCLUDE_IN_FRAMEWORK_HEADER = YES;
				CLANG_WARN_RANGE_LOOP_ANALYSIS = YES;
				CLANG_WARN_STRICT_PROTOTYPES = YES;
				CLANG_WARN_SUSPICIOUS_MOVE = YES;
				CLANG_WARN_UNGUARDED_AVAILABILITY = YES_AGGRESSIVE;
				CLANG_WARN_UNREACHABLE_CODE = YES;
				CLANG_WARN__DUPLICATE_METHOD_MATCH = YES;
				COPY_PHASE_STRIP = NO;
				DEBUG_INFORMATION_FORMAT = "dwarf-with-dsym";
				ENABLE_NS_ASSERTIONS = NO;
				ENABLE_STRICT_OBJC_MSGSEND = YES;
				ENABLE_USER_SCRIPT_SANDBOXING = NO;
				GCC_C_LANGUAGE_STANDARD = gnu17;
				GCC_NO_COMMON_BLOCKS = YES;
				GCC_WARN_64_TO_32_BIT_CONVERSION = YES;
				GCC_WARN_ABOUT_RETURN_TYPE = YES_ERROR;
				GCC_WARN_UNDECLARED_SELECTOR = YES;
				GCC_WARN_UNINITIALIZED_AUTOS = YES_AGGRESSIVE;
				GCC_WARN_UNUSED_FUNCTION = YES;
				GCC_WARN_UNUSED_VARIABLE = YES;
				MACOSX_DEPLOYMENT_TARGET = 15.0;
				MTL_ENABLE_DEBUG_INFO = NO;
				MTL_FAST_MATH = YES;
				SDKROOT = macosx;
				SWIFT_COMPILATION_MODE = wholemodule;
			};
			name = Release;
		};
		AA00000000000000000000E5 /* Debug */ = {
			isa = XCBuildConfiguration;
			buildSettings = {
				ASSETCATALOG_COMPILER_GENERATE_SWIFT_ASSET_SYMBOL_EXTENSIONS = YES;
				CODE_SIGN_ENTITLEMENTS = Syn/Syn.entitlements;
				CODE_SIGN_IDENTITY = "-";
				CODE_SIGN_STYLE = Manual;
				CURRENT_PROJECT_VERSION = 3;
				ENABLE_HARDENED_RUNTIME = YES;
				GENERATE_INFOPLIST_FILE = YES;
				INFOPLIST_KEY_CFBundleDisplayName = Syn;
				INFOPLIST_KEY_LSApplicationCategoryType = "public.app-category.productivity";
				INFOPLIST_KEY_LSUIElement = YES;
				INFOPLIST_KEY_NSAppleEventsUsageDescription = "Syn reads and activates Google Chrome tabs when you choose Chrome Tab capture.";
				INFOPLIST_KEY_NSMicrophoneUsageDescription = "Syn records your microphone narration while creating feedback packets.";
				MACOSX_DEPLOYMENT_TARGET = 15.0;
				MARKETING_VERSION = 0.2.1;
				PRODUCT_BUNDLE_IDENTIFIER = com.trmdy.syn;
				PRODUCT_NAME = "$(TARGET_NAME)";
				SWIFT_EMIT_LOC_STRINGS = YES;
				SWIFT_VERSION = 5.0;
			};
			name = Debug;
		};
		AA00000000000000000000E6 /* Release */ = {
			isa = XCBuildConfiguration;
			buildSettings = {
				ASSETCATALOG_COMPILER_GENERATE_SWIFT_ASSET_SYMBOL_EXTENSIONS = YES;
				CODE_SIGN_ENTITLEMENTS = Syn/Syn.entitlements;
				CODE_SIGN_IDENTITY = "-";
				CODE_SIGN_STYLE = Manual;
				CURRENT_PROJECT_VERSION = 3;
				ENABLE_HARDENED_RUNTIME = YES;
				GENERATE_INFOPLIST_FILE = YES;
				INFOPLIST_KEY_CFBundleDisplayName = Syn;
				INFOPLIST_KEY_LSApplicationCategoryType = "public.app-category.productivity";
				INFOPLIST_KEY_LSUIElement = YES;
				INFOPLIST_KEY_NSAppleEventsUsageDescription = "Syn reads and activates Google Chrome tabs when you choose Chrome Tab capture.";
				INFOPLIST_KEY_NSMicrophoneUsageDescription = "Syn records your microphone narration while creating feedback packets.";
				MACOSX_DEPLOYMENT_TARGET = 15.0;
				MARKETING_VERSION = 0.2.1;
				PRODUCT_BUNDLE_IDENTIFIER = com.trmdy.syn;
				PRODUCT_NAME = "$(TARGET_NAME)";
				SWIFT_EMIT_LOC_STRINGS = YES;
				SWIFT_VERSION = 5.0;
			};
			name = Release;
		};
/* End XCBuildConfiguration section */

/* Begin XCConfigurationList section */
		AA00000000000000000000E1 /* Build configuration list for PBXProject "Syn" */ = {
			isa = XCConfigurationList;
			buildConfigurations = (
				AA00000000000000000000E3 /* Debug */,
				AA00000000000000000000E4 /* Release */,
			);
			defaultConfigurationIsVisible = 0;
			defaultConfigurationName = Release;
		};
		AA00000000000000000000E2 /* Build configuration list for PBXNativeTarget "Syn" */ = {
			isa = XCConfigurationList;
			buildConfigurations = (
				AA00000000000000000000E5 /* Debug */,
				AA00000000000000000000E6 /* Release */,
			);
			defaultConfigurationIsVisible = 0;
			defaultConfigurationName = Release;
		};
/* End XCConfigurationList section */
	};
	rootObject = AA00000000000000000000D1 /* Project object */;
}
